
Microsoft Visual Studio Solution File, Format Version 12.00
# Visual Studio Version 17
VisualStudioVersion = 17.2.32616.157
MinimumVisualStudioVersion = 10.0.40219.1
Project("{FAE04EC0-301F-11D3-BF4B-00C04F79EFBC}") = "Pictures", "Pictures.csproj", "{7510288D-C332-4AE9-9647-DB96B15E5520}"
EndProject
Global
	GlobalSection(SolutionConfigurationPlatforms) = preSolution
		Debug|Any CPU = Debug|Any CPU
		Release|Any CPU = Release|Any CPU
	EndGlobalSection
	GlobalSection(ProjectConfigurationPlatforms) = postSolution
		{7510288D-C332-4AE9-9647-DB96B15E5520}.Debug|Any CPU.ActiveCfg = Debug|Any CPU
		{7510288D-C332-4AE9-9647-DB96B15E5520}.Debug|Any CPU.Build.0 = Debug|Any CPU
		{7510288D-C332-4AE9-9647-DB96B15E5520}.Release|Any CPU.ActiveCfg = Release|Any CPU
		{7510288D-C332-4AE9-9647-DB96B15E5520}.Release|Any CPU.Build.0 = Release|Any CPU
	EndGlobalSection
	GlobalSection(SolutionProperties) = preSolution
		HideSolutionNode = FALSE
	EndGlobalSection
	GlobalSection(ExtensibilityGlobals) = postSolution
		SolutionGuid = {A6EF64CF-A3CE-43C1-9E18-CD06B90984C3}
	EndGlobalSection
EndGlobal
