
Microsoft Visual Studio Solution File, Format Version 12.00
# Visual Studio Version 17
VisualStudioVersion = 17.2.32616.157
MinimumVisualStudioVersion = 10.0.40219.1
Project("{FAE04EC0-301F-11D3-BF4B-00C04F79EFBC}") = "multiplayNumber", "multiplayNumber.csproj", "{798EA258-5911-40C7-BBC3-AA3D30C6B870}"
EndProject
Global
	GlobalSection(SolutionConfigurationPlatforms) = preSolution
		Debug|Any CPU = Debug|Any CPU
		Release|Any CPU = Release|Any CPU
	EndGlobalSection
	GlobalSection(ProjectConfigurationPlatforms) = postSolution
		{798EA258-5911-40C7-BBC3-AA3D30C6B870}.Debug|Any CPU.ActiveCfg = Debug|Any CPU
		{798EA258-5911-40C7-BBC3-AA3D30C6B870}.Debug|Any CPU.Build.0 = Debug|Any CPU
		{798EA258-5911-40C7-BBC3-AA3D30C6B870}.Release|Any CPU.ActiveCfg = Release|Any CPU
		{798EA258-5911-40C7-BBC3-AA3D30C6B870}.Release|Any CPU.Build.0 = Release|Any CPU
	EndGlobalSection
	GlobalSection(SolutionProperties) = preSolution
		HideSolutionNode = FALSE
	EndGlobalSection
	GlobalSection(ExtensibilityGlobals) = postSolution
		SolutionGuid = {C5514E7F-A77F-40F5-A6C1-9B782C2C5544}
	EndGlobalSection
EndGlobal
