
Microsoft Visual Studio Solution File, Format Version 12.00
# Visual Studio Version 17
VisualStudioVersion = 17.2.32616.157
MinimumVisualStudioVersion = 10.0.40219.1
Project("{FAE04EC0-301F-11D3-BF4B-00C04F79EFBC}") = "localMaxima", "localMaxima.csproj", "{0B264083-1EB6-43B8-BFDE-4532D5B8E030}"
EndProject
Global
	GlobalSection(SolutionConfigurationPlatforms) = preSolution
		Debug|Any CPU = Debug|Any CPU
		Release|Any CPU = Release|Any CPU
	EndGlobalSection
	GlobalSection(ProjectConfigurationPlatforms) = postSolution
		{0B264083-1EB6-43B8-BFDE-4532D5B8E030}.Debug|Any CPU.ActiveCfg = Debug|Any CPU
		{0B264083-1EB6-43B8-BFDE-4532D5B8E030}.Debug|Any CPU.Build.0 = Debug|Any CPU
		{0B264083-1EB6-43B8-BFDE-4532D5B8E030}.Release|Any CPU.ActiveCfg = Release|Any CPU
		{0B264083-1EB6-43B8-BFDE-4532D5B8E030}.Release|Any CPU.Build.0 = Release|Any CPU
	EndGlobalSection
	GlobalSection(SolutionProperties) = preSolution
		HideSolutionNode = FALSE
	EndGlobalSection
	GlobalSection(ExtensibilityGlobals) = postSolution
		SolutionGuid = {6FA55CD0-8E09-4F8C-ADA3-AB3C406F352C}
	EndGlobalSection
EndGlobal
