
Microsoft Visual Studio Solution File, Format Version 12.00
# Visual Studio Version 17
VisualStudioVersion = 17.2.32616.157
MinimumVisualStudioVersion = 10.0.40219.1
Project("{FAE04EC0-301F-11D3-BF4B-00C04F79EFBC}") = "crystalStore", "crystalStore.csproj", "{BD528DA5-DE0F-4DB9-B361-5839142095FA}"
EndProject
Global
	GlobalSection(SolutionConfigurationPlatforms) = preSolution
		Debug|Any CPU = Debug|Any CPU
		Release|Any CPU = Release|Any CPU
	EndGlobalSection
	GlobalSection(ProjectConfigurationPlatforms) = postSolution
		{BD528DA5-DE0F-4DB9-B361-5839142095FA}.Debug|Any CPU.ActiveCfg = Debug|Any CPU
		{BD528DA5-DE0F-4DB9-B361-5839142095FA}.Debug|Any CPU.Build.0 = Debug|Any CPU
		{BD528DA5-DE0F-4DB9-B361-5839142095FA}.Release|Any CPU.ActiveCfg = Release|Any CPU
		{BD528DA5-DE0F-4DB9-B361-5839142095FA}.Release|Any CPU.Build.0 = Release|Any CPU
	EndGlobalSection
	GlobalSection(SolutionProperties) = preSolution
		HideSolutionNode = FALSE
	EndGlobalSection
	GlobalSection(ExtensibilityGlobals) = postSolution
		SolutionGuid = {2CA9C71E-9D04-43B4-AF22-1FE3A83F8C6A}
	EndGlobalSection
EndGlobal
