
Microsoft Visual Studio Solution File, Format Version 12.00
# Visual Studio Version 16
VisualStudioVersion = 16.0.32126.315
MinimumVisualStudioVersion = 10.0.40219.1
Project("{FAE04EC0-301F-11D3-BF4B-00C04F79EFBC}") = "ConsoleApp3", "ConsoleApp3.csproj", "{593F8FC5-213D-47D7-9137-CF3BB43C922E}"
EndProject
Global
	GlobalSection(SolutionConfigurationPlatforms) = preSolution
		Debug|Any CPU = Debug|Any CPU
		Release|Any CPU = Release|Any CPU
	EndGlobalSection
	GlobalSection(ProjectConfigurationPlatforms) = postSolution
		{593F8FC5-213D-47D7-9137-CF3BB43C922E}.Debug|Any CPU.ActiveCfg = Debug|Any CPU
		{593F8FC5-213D-47D7-9137-CF3BB43C922E}.Debug|Any CPU.Build.0 = Debug|Any CPU
		{593F8FC5-213D-47D7-9137-CF3BB43C922E}.Release|Any CPU.ActiveCfg = Release|Any CPU
		{593F8FC5-213D-47D7-9137-CF3BB43C922E}.Release|Any CPU.Build.0 = Release|Any CPU
	EndGlobalSection
	GlobalSection(SolutionProperties) = preSolution
		HideSolutionNode = FALSE
	EndGlobalSection
	GlobalSection(ExtensibilityGlobals) = postSolution
		SolutionGuid = {F8515989-D381-426B-84D7-F24821EA6E27}
	EndGlobalSection
EndGlobal
