
Microsoft Visual Studio Solution File, Format Version 12.00
# Visual Studio Version 16
VisualStudioVersion = 16.0.32126.315
MinimumVisualStudioVersion = 10.0.40219.1
Project("{FAE04EC0-301F-11D3-BF4B-00C04F79EFBC}") = "magazin2", "magazin2.csproj", "{6F95A88B-EC69-43A0-AA2B-20E7ADC1A999}"
EndProject
Global
	GlobalSection(SolutionConfigurationPlatforms) = preSolution
		Debug|Any CPU = Debug|Any CPU
		Release|Any CPU = Release|Any CPU
	EndGlobalSection
	GlobalSection(ProjectConfigurationPlatforms) = postSolution
		{6F95A88B-EC69-43A0-AA2B-20E7ADC1A999}.Debug|Any CPU.ActiveCfg = Debug|Any CPU
		{6F95A88B-EC69-43A0-AA2B-20E7ADC1A999}.Debug|Any CPU.Build.0 = Debug|Any CPU
		{6F95A88B-EC69-43A0-AA2B-20E7ADC1A999}.Release|Any CPU.ActiveCfg = Release|Any CPU
		{6F95A88B-EC69-43A0-AA2B-20E7ADC1A999}.Release|Any CPU.Build.0 = Release|Any CPU
	EndGlobalSection
	GlobalSection(SolutionProperties) = preSolution
		HideSolutionNode = FALSE
	EndGlobalSection
	GlobalSection(ExtensibilityGlobals) = postSolution
		SolutionGuid = {45BC8E03-27DB-4111-B468-03336F47DA98}
	EndGlobalSection
EndGlobal
