
Microsoft Visual Studio Solution File, Format Version 12.00
# Visual Studio Version 17
VisualStudioVersion = 17.2.32616.157
MinimumVisualStudioVersion = 10.0.40219.1
Project("{FAE04EC0-301F-11D3-BF4B-00C04F79EFBC}") = "explanatoryDictionary", "explanatoryDictionary.csproj", "{894AA487-30B5-4099-8574-2C393F1C5E60}"
EndProject
Global
	GlobalSection(SolutionConfigurationPlatforms) = preSolution
		Debug|Any CPU = Debug|Any CPU
		Release|Any CPU = Release|Any CPU
	EndGlobalSection
	GlobalSection(ProjectConfigurationPlatforms) = postSolution
		{894AA487-30B5-4099-8574-2C393F1C5E60}.Debug|Any CPU.ActiveCfg = Debug|Any CPU
		{894AA487-30B5-4099-8574-2C393F1C5E60}.Debug|Any CPU.Build.0 = Debug|Any CPU
		{894AA487-30B5-4099-8574-2C393F1C5E60}.Release|Any CPU.ActiveCfg = Release|Any CPU
		{894AA487-30B5-4099-8574-2C393F1C5E60}.Release|Any CPU.Build.0 = Release|Any CPU
	EndGlobalSection
	GlobalSection(SolutionProperties) = preSolution
		HideSolutionNode = FALSE
	EndGlobalSection
	GlobalSection(ExtensibilityGlobals) = postSolution
		SolutionGuid = {57174A3D-A936-4867-9CF3-A56EEDE156DA}
	EndGlobalSection
EndGlobal
