
Microsoft Visual Studio Solution File, Format Version 12.00
# Visual Studio Version 16
VisualStudioVersion = 16.0.32126.315
MinimumVisualStudioVersion = 10.0.40219.1
Project("{FAE04EC0-301F-11D3-BF4B-00C04F79EFBC}") = "supermarketAdministration", "supermarketAdministration.csproj", "{AEA5B612-17BB-4FDF-9369-0F8E7E3FFBE2}"
EndProject
Global
	GlobalSection(SolutionConfigurationPlatforms) = preSolution
		Debug|Any CPU = Debug|Any CPU
		Release|Any CPU = Release|Any CPU
	EndGlobalSection
	GlobalSection(ProjectConfigurationPlatforms) = postSolution
		{AEA5B612-17BB-4FDF-9369-0F8E7E3FFBE2}.Debug|Any CPU.ActiveCfg = Debug|Any CPU
		{AEA5B612-17BB-4FDF-9369-0F8E7E3FFBE2}.Debug|Any CPU.Build.0 = Debug|Any CPU
		{AEA5B612-17BB-4FDF-9369-0F8E7E3FFBE2}.Release|Any CPU.ActiveCfg = Release|Any CPU
		{AEA5B612-17BB-4FDF-9369-0F8E7E3FFBE2}.Release|Any CPU.Build.0 = Release|Any CPU
	EndGlobalSection
	GlobalSection(SolutionProperties) = preSolution
		HideSolutionNode = FALSE
	EndGlobalSection
	GlobalSection(ExtensibilityGlobals) = postSolution
		SolutionGuid = {1593BD79-D23B-4556-B8EB-5ADC014CC659}
	EndGlobalSection
EndGlobal
